
Microsoft Visual Studio Solution File, Format Version 12.00
# Visual Studio Version 17
VisualStudioVersion = 17.8.34525.116
MinimumVisualStudioVersion = 10.0.40219.1
Project("{9A19103F-16F7-4668-BE54-9A1E7A4F7556}") = "Mission06_Brammer", "Mission06_Brammer\Mission06_Brammer.csproj", "{C7E4C4E5-477D-44B4-A4A7-34D7F867AADA}"
EndProject
Global
	GlobalSection(SolutionConfigurationPlatforms) = preSolution
		Debug|Any CPU = Debug|Any CPU
		Release|Any CPU = Release|Any CPU
	EndGlobalSection
	GlobalSection(ProjectConfigurationPlatforms) = postSolution
		{C7E4C4E5-477D-44B4-A4A7-34D7F867AADA}.Debug|Any CPU.ActiveCfg = Debug|Any CPU
		{C7E4C4E5-477D-44B4-A4A7-34D7F867AADA}.Debug|Any CPU.Build.0 = Debug|Any CPU
		{C7E4C4E5-477D-44B4-A4A7-34D7F867AADA}.Release|Any CPU.ActiveCfg = Release|Any CPU
		{C7E4C4E5-477D-44B4-A4A7-34D7F867AADA}.Release|Any CPU.Build.0 = Release|Any CPU
	EndGlobalSection
	GlobalSection(SolutionProperties) = preSolution
		HideSolutionNode = FALSE
	EndGlobalSection
	GlobalSection(ExtensibilityGlobals) = postSolution
		SolutionGuid = {51E88347-7DC0-4751-A3DC-96236485AD3C}
	EndGlobalSection
EndGlobal
